<?xml version="1.0" encoding="utf-8"?>
<Project ToolsVersion="4.0" xmlns="http://schemas.microsoft.com/developer/msbuild/2003">
  <ItemGroup>
    <Filter Include="Core">
      <UniqueIdentifier>{4FC737F1-C7A5-4376-A066-2A32D752A2FF}</UniqueIdentifier>
      <Extensions>cpp;c;cc;cxx;def;odl;idl;hpj;bat;asm;asmx</Extensions>
    </Filter>
    <Filter Include="Math">
      <UniqueIdentifier>{96f2c66f-c459-436a-8e12-d7b43aa9819e}</UniqueIdentifier>
    </Filter>
    <Filter Include="Input">
      <UniqueIdentifier>{c41b68d3-878c-461f-b2c4-4ce039ad7edc}</UniqueIdentifier>
    </Filter>
    <Filter Include="Audio">
      <UniqueIdentifier>{bdee83e3-1c3b-4604-9c8e-ec07d970246a}</UniqueIdentifier>
    </Filter>
    <Filter Include="Renderer">
      <UniqueIdentifier>{2d7cc2f6-d9c7-4da8-b642-79101c130c03}</UniqueIdentifier>
    </Filter>
    <Filter Include="Physics">
      <UniqueIdentifier>{2d077640-7b77-4e34-8547-dd1410927d55}</UniqueIdentifier>
    </Filter>
  </ItemGroup>
  <ItemGroup>
    <ClCompile Include="Math\Vec2.cpp">
      <Filter>Math</Filter>
    </ClCompile>
    <ClCompile Include="Math\MathUtils.cpp">
      <Filter>Math</Filter>
    </ClCompile>
    <ClCompile Include="Math\Vec3.cpp">
      <Filter>Math</Filter>
    </ClCompile>
    <ClCompile Include="Math\RandomNumberGenerator.cpp">
      <Filter>Math</Filter>
    </ClCompile>
    <ClCompile Include="Core\Vertex_PCU.cpp">
      <Filter>Core</Filter>
    </ClCompile>
    <ClCompile Include="Core\ErrorWarningAssert.cpp">
      <Filter>Core</Filter>
    </ClCompile>
    <ClCompile Include="Core\StringUtils.cpp">
      <Filter>Core</Filter>
    </ClCompile>
    <ClCompile Include="Core\Time.cpp">
      <Filter>Core</Filter>
    </ClCompile>
    <ClCompile Include="Core\AABB2.cpp">
      <Filter>Core</Filter>
    </ClCompile>
    <ClCompile Include="Core\Texture.cpp">
      <Filter>Core</Filter>
    </ClCompile>
    <ClCompile Include="Core\Image.cpp">
      <Filter>Core</Filter>
    </ClCompile>
    <ClCompile Include="Core\SimpleTriangleFont.cpp">
      <Filter>Core</Filter>
    </ClCompile>
    <ClCompile Include="Renderer\BitmapFont.cpp">
      <Filter>Core</Filter>
    </ClCompile>
    <ClCompile Include="ThirdParty\tinyxml2.cpp">
      <Filter>Core</Filter>
    </ClCompile>
    <ClCompile Include="DevConsole.cpp">
      <Filter>Core</Filter>
    </ClCompile>
    <ClCompile Include="Core\XmlUtils.cpp">
      <Filter>Core</Filter>
    </ClCompile>
    <ClCompile Include="Core\NamedStrings.cpp">
      <Filter>Core</Filter>
    </ClCompile>
    <ClCompile Include="Core\EngineCommon.cpp">
      <Filter>Core</Filter>
    </ClCompile>
    <ClCompile Include="Core\OBB2.cpp">
      <Filter>Core</Filter>
    </ClCompile>
    <ClCompile Include="Math\RawNoise.cpp">
      <Filter>Math</Filter>
    </ClCompile>
    <ClCompile Include="Core\EventSystem.cpp">
      <Filter>Core</Filter>
    </ClCompile>
    <ClCompile Include="Input\InputSystem.cpp">
      <Filter>Input</Filter>
    </ClCompile>
    <ClCompile Include="Input\AnalogJoystick.cpp">
      <Filter>Input</Filter>
    </ClCompile>
    <ClCompile Include="Audio\AudioSystem.cpp">
      <Filter>Audio</Filter>
    </ClCompile>
    <ClCompile Include="Input\KeyButtonState.cpp">
      <Filter>Input</Filter>
    </ClCompile>
    <ClCompile Include="Math\IntVec2.cpp">
      <Filter>Math</Filter>
    </ClCompile>
    <ClCompile Include="Math\Mat44.cpp">
      <Filter>Math</Filter>
    </ClCompile>
    <ClCompile Include="Core\IntRange.cpp">
      <Filter>Math</Filter>
    </ClCompile>
    <ClCompile Include="Core\FloatRange.cpp">
      <Filter>Math</Filter>
    </ClCompile>
    <ClCompile Include="Renderer\RenderContext.cpp">
      <Filter>Renderer</Filter>
    </ClCompile>
    <ClCompile Include="Renderer\Camera.cpp">
      <Filter>Renderer</Filter>
    </ClCompile>
    <ClCompile Include="Input\XboxController.cpp">
      <Filter>Input</Filter>
    </ClCompile>
    <ClCompile Include="Renderer\SpriteDefinition.cpp">
      <Filter>Renderer</Filter>
    </ClCompile>
    <ClCompile Include="Renderer\SpriteAnimDefinition.cpp">
      <Filter>Renderer</Filter>
    </ClCompile>
    <ClCompile Include="Renderer\SpriteSheet.cpp">
      <Filter>Renderer</Filter>
    </ClCompile>
    <ClCompile Include="Renderer\SpriteAnimSet.cpp">
      <Filter>Core</Filter>
    </ClCompile>
    <ClCompile Include="Math\SmoothNoise.cpp">
      <Filter>Math</Filter>
    </ClCompile>
    <ClCompile Include="Vec4.cpp">
      <Filter>Math</Filter>
    </ClCompile>
<<<<<<< HEAD
    <ClCompile Include="Math\Poly2D.cpp">
      <Filter>Core</Filter>
    </ClCompile>
=======
    <ClCompile Include="Physics\RigidBody2D.cpp">
      <Filter>Physics</Filter>
    </ClCompile>
    <ClCompile Include="Physics\Collider2D.cpp">
      <Filter>Physics</Filter>
    </ClCompile>
    <ClCompile Include="Physics\DiscCollider2D.cpp">
      <Filter>Physics</Filter>
    </ClCompile>
    <ClCompile Include="Physics\Physics2D.cpp">
      <Filter>Physics</Filter>
    </ClCompile>
    <ClCompile Include="Core\Polygon2D.cpp">
      <Filter>Core</Filter>
    </ClCompile>
    <ClCompile Include="Physics\PolygonCollider2D.cpp">
      <Filter>Physics</Filter>
    </ClCompile>
>>>>>>> mp2/turnin/a04
  </ItemGroup>
  <ItemGroup>
    <ClInclude Include="Math\Vec2.hpp">
      <Filter>Math</Filter>
    </ClInclude>
    <ClInclude Include="Math\Vec3.hpp">
      <Filter>Math</Filter>
    </ClInclude>
    <ClInclude Include="Core\Rgba8.hpp">
      <Filter>Math</Filter>
    </ClInclude>
    <ClInclude Include="Core\Vertex_PCU.hpp">
      <Filter>Math</Filter>
    </ClInclude>
    <ClInclude Include="Math\MathUtils.hpp">
      <Filter>Math</Filter>
    </ClInclude>
    <ClInclude Include="Math\RandomNumberGenerator.hpp">
      <Filter>Math</Filter>
    </ClInclude>
    <ClInclude Include="Math\RawNoise.hpp">
      <Filter>Math</Filter>
    </ClInclude>
    <ClInclude Include="Input\InputSystem.hpp">
      <Filter>Input</Filter>
    </ClInclude>
    <ClInclude Include="Input\AnalogJoyStick.hpp">
      <Filter>Input</Filter>
    </ClInclude>
    <ClInclude Include="Audio\AudioSystem.hpp">
      <Filter>Audio</Filter>
    </ClInclude>
    <ClInclude Include="Input\KeyButtonState.hpp">
      <Filter>Input</Filter>
    </ClInclude>
    <ClInclude Include="ThirdParty\fmod\fmod.h">
      <Filter>Audio</Filter>
    </ClInclude>
    <ClInclude Include="ThirdParty\fmod\fmod.hpp">
      <Filter>Audio</Filter>
    </ClInclude>
    <ClInclude Include="ThirdParty\fmod\fmod_codec.h">
      <Filter>Audio</Filter>
    </ClInclude>
    <ClInclude Include="ThirdParty\fmod\fmod_common.h">
      <Filter>Audio</Filter>
    </ClInclude>
    <ClInclude Include="ThirdParty\fmod\fmod_dsp.h">
      <Filter>Audio</Filter>
    </ClInclude>
    <ClInclude Include="ThirdParty\fmod\fmod_dsp_effects.h">
      <Filter>Audio</Filter>
    </ClInclude>
    <ClInclude Include="ThirdParty\fmod\fmod_errors.h">
      <Filter>Audio</Filter>
    </ClInclude>
    <ClInclude Include="ThirdParty\fmod\fmod_output.h">
      <Filter>Audio</Filter>
    </ClInclude>
    <ClInclude Include="Math\Mat44.hpp">
      <Filter>Math</Filter>
    </ClInclude>
    <ClInclude Include="Math\IntVec2.hpp">
      <Filter>Math</Filter>
    </ClInclude>
    <ClInclude Include="Core\IntRange.hpp">
      <Filter>Math</Filter>
    </ClInclude>
    <ClInclude Include="Math\Vec4.hpp">
      <Filter>Math</Filter>
    </ClInclude>
    <ClInclude Include="Core\FloatRange.hpp">
      <Filter>Math</Filter>
    </ClInclude>
    <ClInclude Include="Renderer\RenderContext.hpp">
      <Filter>Renderer</Filter>
    </ClInclude>
    <ClInclude Include="Renderer\Camera.hpp">
      <Filter>Renderer</Filter>
    </ClInclude>
    <ClInclude Include="Renderer\BitmapFont.hpp">
      <Filter>Renderer</Filter>
    </ClInclude>
    <ClInclude Include="Renderer\SpriteDefinition.hpp">
      <Filter>Renderer</Filter>
    </ClInclude>
    <ClInclude Include="Renderer\SpriteAnimDefinition.hpp">
      <Filter>Renderer</Filter>
    </ClInclude>
    <ClInclude Include="Renderer\SpriteSheet.hpp">
      <Filter>Renderer</Filter>
    </ClInclude>
    <ClInclude Include="Input\XboxController.hpp">
      <Filter>Input</Filter>
    </ClInclude>
    <ClInclude Include="Core\Image.hpp">
      <Filter>Core</Filter>
    </ClInclude>
    <ClInclude Include="Core\AABB2.hpp">
      <Filter>Core</Filter>
    </ClInclude>
    <ClInclude Include="DevConsole.hpp">
      <Filter>Core</Filter>
    </ClInclude>
    <ClInclude Include="Core\EngineCommon.hpp">
      <Filter>Core</Filter>
    </ClInclude>
    <ClInclude Include="Core\ErrorWarningAssert.hpp">
      <Filter>Core</Filter>
    </ClInclude>
    <ClInclude Include="Core\EventSystem.hpp">
      <Filter>Core</Filter>
    </ClInclude>
    <ClInclude Include="Core\NamedStrings.hpp">
      <Filter>Core</Filter>
    </ClInclude>
    <ClInclude Include="Core\OBB2.hpp">
      <Filter>Core</Filter>
    </ClInclude>
    <ClInclude Include="Core\SimpleTriangleFont.hpp">
      <Filter>Core</Filter>
    </ClInclude>
    <ClInclude Include="Core\StringUtils.hpp">
      <Filter>Core</Filter>
    </ClInclude>
    <ClInclude Include="Core\Texture.hpp">
      <Filter>Core</Filter>
    </ClInclude>
    <ClInclude Include="Core\Time.hpp">
      <Filter>Core</Filter>
    </ClInclude>
    <ClInclude Include="ThirdParty\tinyxml2.h">
      <Filter>Core</Filter>
    </ClInclude>
    <ClInclude Include="Core\XmlUtils.hpp">
      <Filter>Core</Filter>
    </ClInclude>
    <ClInclude Include="Renderer\SpriteAnimSet.hpp">
      <Filter>Renderer</Filter>
    </ClInclude>
    <ClInclude Include="Math\SmoothNoise.hpp">
      <Filter>Math</Filter>
    </ClInclude>
<<<<<<< HEAD
    <ClInclude Include="Math\Poly2D.hpp" />
=======
    <ClInclude Include="Physics\Physics2D.hpp">
      <Filter>Physics</Filter>
    </ClInclude>
    <ClInclude Include="Physics\RigidBody2D.hpp">
      <Filter>Physics</Filter>
    </ClInclude>
    <ClInclude Include="Physics\Collider2D.hpp">
      <Filter>Physics</Filter>
    </ClInclude>
    <ClInclude Include="Physics\DiscCollider2D.hpp">
      <Filter>Physics</Filter>
    </ClInclude>
    <ClInclude Include="Core\Polygon2D.hpp">
      <Filter>Core</Filter>
    </ClInclude>
    <ClInclude Include="Physics\PolygonCollider2D.hpp">
      <Filter>Physics</Filter>
    </ClInclude>
    <ClInclude Include="Physics\Manifold2.hpp">
      <Filter>Physics</Filter>
    </ClInclude>
    <ClInclude Include="Physics\Collision2D.hpp">
      <Filter>Physics</Filter>
    </ClInclude>
    <ClInclude Include="Physics\PhysicsMaterial.hpp">
      <Filter>Physics</Filter>
    </ClInclude>
>>>>>>> mp2/turnin/a04
  </ItemGroup>
</Project>